
Microsoft Visual Studio Solution File, Format Version 12.00
# Visual Studio 15
VisualStudioVersion = 15.0.28307.572
MinimumVisualStudioVersion = 10.0.40219.1
Project("{8BC9CEB8-8B4A-11D0-8D11-00A0C91BC942}") = "Sandbox", "Sandbox\Sandbox.vcxproj", "{7F210D8B-8309-47DE-BD9C-0C5A6C441D0F}"
EndProject
Project("{8BC9CEB8-8B4A-11D0-8D11-00A0C91BC942}") = "Hazel", "Hazel\Hazel.vcxproj", "{735F158B-8807-4509-B256-994998D177EF}"
EndProject
Global
	GlobalSection(SolutionConfigurationPlatforms) = preSolution
		Debug|x64 = Debug|x64
		Release|x64 = Release|x64
	EndGlobalSection
	GlobalSection(ProjectConfigurationPlatforms) = postSolution
		{735F158B-8807-4509-B256-994998D177EF}.Debug|x64.ActiveCfg = Debug|x64
		{735F158B-8807-4509-B256-994998D177EF}.Debug|x64.Build.0 = Debug|x64
		{735F158B-8807-4509-B256-994998D177EF}.Release|x64.ActiveCfg = Release|x64
		{735F158B-8807-4509-B256-994998D177EF}.Release|x64.Build.0 = Release|x64
		{7F210D8B-8309-47DE-BD9C-0C5A6C441D0F}.Debug|x64.ActiveCfg = Debug|x64
		{7F210D8B-8309-47DE-BD9C-0C5A6C441D0F}.Debug|x64.Build.0 = Debug|x64
		{7F210D8B-8309-47DE-BD9C-0C5A6C441D0F}.Release|x64.ActiveCfg = Release|x64
		{7F210D8B-8309-47DE-BD9C-0C5A6C441D0F}.Release|x64.Build.0 = Release|x64
	EndGlobalSection
	GlobalSection(SolutionProperties) = preSolution
		HideSolutionNode = FALSE
	EndGlobalSection
	GlobalSection(ExtensibilityGlobals) = postSolution
		SolutionGuid = {69A6DAE5-6491-42A0-A9CF-4D7D0EB9DB98}
	EndGlobalSection
EndGlobal
